// !$*UTF8*$!
{
	archiveVersion = 1;
	classes = {
	};
	objectVersion = 46;
	objects = {

/* Begin PBXBuildFile section */
		1AE932451FABD62800CA5370 /* HamburgerController.swift in Sources */ = {isa = PBXBuildFile; fileRef = 1AE932441FABD62800CA5370 /* HamburgerController.swift */; };
		1AE932471FABD7A700CA5370 /* HamMenuController.swift in Sources */ = {isa = PBXBuildFile; fileRef = 1AE932461FABD7A700CA5370 /* HamMenuController.swift */; };
		A14A4FE21E89C79F0019C7D0 /* AssDetailViewController.swift in Sources */ = {isa = PBXBuildFile; fileRef = A14A4FE11E89C79F0019C7D0 /* AssDetailViewController.swift */; };
		A14A4FE41E8C54140019C7D0 /* StatusCell.swift in Sources */ = {isa = PBXBuildFile; fileRef = A14A4FE31E8C54140019C7D0 /* StatusCell.swift */; };
		A17435371E95CF4F002F9F1C /* Back Filled-20.png in Resources */ = {isa = PBXBuildFile; fileRef = A17435361E95CF4F002F9F1C /* Back Filled-20.png */; };
		A17435391E95D0CE002F9F1C /* Today-20.png in Resources */ = {isa = PBXBuildFile; fileRef = A17435381E95D0CE002F9F1C /* Today-20.png */; };
		A174353B1E95D508002F9F1C /* AnnTableViewController.swift in Sources */ = {isa = PBXBuildFile; fileRef = A174353A1E95D508002F9F1C /* AnnTableViewController.swift */; };
		A174353D1E95D5F5002F9F1C /* AnnCell.swift in Sources */ = {isa = PBXBuildFile; fileRef = A174353C1E95D5F5002F9F1C /* AnnCell.swift */; };
		A174353F1E95DDAE002F9F1C /* Today-30.png in Resources */ = {isa = PBXBuildFile; fileRef = A174353E1E95DDAE002F9F1C /* Today-30.png */; };
		A1745DE91E8DD45600502F22 /* GradeDetailViewController.swift in Sources */ = {isa = PBXBuildFile; fileRef = A1745DE81E8DD45600502F22 /* GradeDetailViewController.swift */; };
		A1745DED1E8F369B00502F22 /* AnnDetailViewController.swift in Sources */ = {isa = PBXBuildFile; fileRef = A1745DEC1E8F369B00502F22 /* AnnDetailViewController.swift */; };
		A190D7501E871640008A0D96 /* commonClass.swift in Sources */ = {isa = PBXBuildFile; fileRef = A190D74F1E871640008A0D96 /* commonClass.swift */; };
		A190D7521E876593008A0D96 /* TermCell.swift in Sources */ = {isa = PBXBuildFile; fileRef = A190D7511E876593008A0D96 /* TermCell.swift */; };
		A19B7F991E9530DD00BBFBB4 /* Segue1.swift in Sources */ = {isa = PBXBuildFile; fileRef = A19B7F981E9530DD00BBFBB4 /* Segue1.swift */; };
		A1AD3AF21E81B9C700A44A02 /* LogInViewController.swift in Sources */ = {isa = PBXBuildFile; fileRef = A1AD3AF11E81B9C700A44A02 /* LogInViewController.swift */; };
		A1AD3AF61E81BB7D00A44A02 /* MemberCell.swift in Sources */ = {isa = PBXBuildFile; fileRef = A1AD3AF51E81BB7D00A44A02 /* MemberCell.swift */; };
		A1AD3AF81E81BECA00A44A02 /* GradeCell.swift in Sources */ = {isa = PBXBuildFile; fileRef = A1AD3AF71E81BECA00A44A02 /* GradeCell.swift */; };
		A1AD3AFA1E81BED700A44A02 /* ResourceCell.swift in Sources */ = {isa = PBXBuildFile; fileRef = A1AD3AF91E81BED700A44A02 /* ResourceCell.swift */; };
		A1AD3AFC1E81BEEE00A44A02 /* AnnounceCell.swift in Sources */ = {isa = PBXBuildFile; fileRef = A1AD3AFB1E81BEEE00A44A02 /* AnnounceCell.swift */; };
		A1AD3AFE1E81BEFF00A44A02 /* AssignmentCell.swift in Sources */ = {isa = PBXBuildFile; fileRef = A1AD3AFD1E81BEFF00A44A02 /* AssignmentCell.swift */; };
		A1B8AE081E7C7DE300228E0B /* AppDelegate.swift in Sources */ = {isa = PBXBuildFile; fileRef = A1B8AE071E7C7DE300228E0B /* AppDelegate.swift */; };
		A1B8AE0D1E7C7DE300228E0B /* Main.storyboard in Resources */ = {isa = PBXBuildFile; fileRef = A1B8AE0B1E7C7DE300228E0B /* Main.storyboard */; };
		A1B8AE0F1E7C7DE300228E0B /* Assets.xcassets in Resources */ = {isa = PBXBuildFile; fileRef = A1B8AE0E1E7C7DE300228E0B /* Assets.xcassets */; };
		A1B8AE121E7C7DE300228E0B /* LaunchScreen.storyboard in Resources */ = {isa = PBXBuildFile; fileRef = A1B8AE101E7C7DE300228E0B /* LaunchScreen.storyboard */; };
		A1B8AE1F1E7C7EB300228E0B /* AssignmentTableViewController.swift in Sources */ = {isa = PBXBuildFile; fileRef = A1B8AE1A1E7C7EB300228E0B /* AssignmentTableViewController.swift */; };
		A1B8AE201E7C7EB300228E0B /* GradeTableViewController.swift in Sources */ = {isa = PBXBuildFile; fileRef = A1B8AE1B1E7C7EB300228E0B /* GradeTableViewController.swift */; };
		A1B8AE211E7C7EB300228E0B /* MemberShipTableViewController.swift in Sources */ = {isa = PBXBuildFile; fileRef = A1B8AE1C1E7C7EB300228E0B /* MemberShipTableViewController.swift */; };
		A1B8AE221E7C7EB300228E0B /* RecourceTableViewController.swift in Sources */ = {isa = PBXBuildFile; fileRef = A1B8AE1D1E7C7EB300228E0B /* RecourceTableViewController.swift */; };
		A404FB721E882A4000F9A585 /* TabBarViewController.swift in Sources */ = {isa = PBXBuildFile; fileRef = A404FB711E882A4000F9A585 /* TabBarViewController.swift */; };
		A404FB791E8C48B700F9A585 /* UrlViewController.swift in Sources */ = {isa = PBXBuildFile; fileRef = A404FB781E8C48B700F9A585 /* UrlViewController.swift */; };
		A4342F4B1E91C40300939B9B /* CalendarTool.swift in Sources */ = {isa = PBXBuildFile; fileRef = A4342F481E91C40300939B9B /* CalendarTool.swift */; };
		A4342F4C1E91C40300939B9B /* CalendarView.swift in Sources */ = {isa = PBXBuildFile; fileRef = A4342F491E91C40300939B9B /* CalendarView.swift */; };
		A4342F4D1E91C40300939B9B /* CalendarViewController.swift in Sources */ = {isa = PBXBuildFile; fileRef = A4342F4A1E91C40300939B9B /* CalendarViewController.swift */; };
		A4FCBA9E1E942CDF00EA68B1 /* EventDetailViewController.swift in Sources */ = {isa = PBXBuildFile; fileRef = A4FCBA9D1E942CDF00EA68B1 /* EventDetailViewController.swift */; };
		E32C527E1E81A6E2007E9356 /* dukeLogo.jpeg in Resources */ = {isa = PBXBuildFile; fileRef = E32C527D1E81A6E2007E9356 /* dukeLogo.jpeg */; };
		E32C52931E81B0B4007E9356 /* Book Stack-30.png in Resources */ = {isa = PBXBuildFile; fileRef = E32C52921E81B0B4007E9356 /* Book Stack-30.png */; };
		E32C52951E81B0B8007E9356 /* Page Overview -30.png in Resources */ = {isa = PBXBuildFile; fileRef = E32C52941E81B0B8007E9356 /* Page Overview -30.png */; };
		E32C52971E81B0BC007E9356 /* Open Folder-30.png in Resources */ = {isa = PBXBuildFile; fileRef = E32C52961E81B0BC007E9356 /* Open Folder-30.png */; };
		E32C52991E81B0C1007E9356 /* Advertising-30.png in Resources */ = {isa = PBXBuildFile; fileRef = E32C52981E81B0C1007E9356 /* Advertising-30.png */; };
		E447C8631E86FE0E00BBB26E /* commonfunctions.swift in Sources */ = {isa = PBXBuildFile; fileRef = E447C8621E86FE0E00BBB26E /* commonfunctions.swift */; };
/* End PBXBuildFile section */

/* Begin PBXFileReference section */
		1AE932441FABD62800CA5370 /* HamburgerController.swift */ = {isa = PBXFileReference; lastKnownFileType = sourcecode.swift; path = HamburgerController.swift; sourceTree = "<group>"; };
		1AE932461FABD7A700CA5370 /* HamMenuController.swift */ = {isa = PBXFileReference; lastKnownFileType = sourcecode.swift; path = HamMenuController.swift; sourceTree = "<group>"; };
		A14A4FE11E89C79F0019C7D0 /* AssDetailViewController.swift */ = {isa = PBXFileReference; fileEncoding = 4; lastKnownFileType = sourcecode.swift; path = AssDetailViewController.swift; sourceTree = "<group>"; };
		A14A4FE31E8C54140019C7D0 /* StatusCell.swift */ = {isa = PBXFileReference; fileEncoding = 4; lastKnownFileType = sourcecode.swift; path = StatusCell.swift; sourceTree = "<group>"; };
		A17435361E95CF4F002F9F1C /* Back Filled-20.png */ = {isa = PBXFileReference; lastKnownFileType = image.png; path = "Back Filled-20.png"; sourceTree = "<group>"; };
		A17435381E95D0CE002F9F1C /* Today-20.png */ = {isa = PBXFileReference; lastKnownFileType = image.png; path = "Today-20.png"; sourceTree = "<group>"; };
		A174353A1E95D508002F9F1C /* AnnTableViewController.swift */ = {isa = PBXFileReference; fileEncoding = 4; lastKnownFileType = sourcecode.swift; path = AnnTableViewController.swift; sourceTree = "<group>"; };
		A174353C1E95D5F5002F9F1C /* AnnCell.swift */ = {isa = PBXFileReference; fileEncoding = 4; lastKnownFileType = sourcecode.swift; path = AnnCell.swift; sourceTree = "<group>"; };
		A174353E1E95DDAE002F9F1C /* Today-30.png */ = {isa = PBXFileReference; lastKnownFileType = image.png; path = "Today-30.png"; sourceTree = "<group>"; };
		A1745DE81E8DD45600502F22 /* GradeDetailViewController.swift */ = {isa = PBXFileReference; fileEncoding = 4; lastKnownFileType = sourcecode.swift; path = GradeDetailViewController.swift; sourceTree = "<group>"; };
		A1745DEC1E8F369B00502F22 /* AnnDetailViewController.swift */ = {isa = PBXFileReference; fileEncoding = 4; lastKnownFileType = sourcecode.swift; name = AnnDetailViewController.swift; path = ../AnnDetailViewController.swift; sourceTree = "<group>"; };
		A190D74F1E871640008A0D96 /* commonClass.swift */ = {isa = PBXFileReference; fileEncoding = 4; lastKnownFileType = sourcecode.swift; path = commonClass.swift; sourceTree = "<group>"; };
		A190D7511E876593008A0D96 /* TermCell.swift */ = {isa = PBXFileReference; fileEncoding = 4; lastKnownFileType = sourcecode.swift; path = TermCell.swift; sourceTree = "<group>"; };
		A19B7F981E9530DD00BBFBB4 /* Segue1.swift */ = {isa = PBXFileReference; fileEncoding = 4; lastKnownFileType = sourcecode.swift; path = Segue1.swift; sourceTree = "<group>"; };
		A1AD3AF11E81B9C700A44A02 /* LogInViewController.swift */ = {isa = PBXFileReference; fileEncoding = 4; lastKnownFileType = sourcecode.swift; path = LogInViewController.swift; sourceTree = "<group>"; };
		A1AD3AF51E81BB7D00A44A02 /* MemberCell.swift */ = {isa = PBXFileReference; fileEncoding = 4; lastKnownFileType = sourcecode.swift; name = MemberCell.swift; path = ../MemberCell.swift; sourceTree = "<group>"; };
		A1AD3AF71E81BECA00A44A02 /* GradeCell.swift */ = {isa = PBXFileReference; fileEncoding = 4; lastKnownFileType = sourcecode.swift; path = GradeCell.swift; sourceTree = "<group>"; };
		A1AD3AF91E81BED700A44A02 /* ResourceCell.swift */ = {isa = PBXFileReference; fileEncoding = 4; lastKnownFileType = sourcecode.swift; path = ResourceCell.swift; sourceTree = "<group>"; };
		A1AD3AFB1E81BEEE00A44A02 /* AnnounceCell.swift */ = {isa = PBXFileReference; fileEncoding = 4; lastKnownFileType = sourcecode.swift; path = AnnounceCell.swift; sourceTree = "<group>"; };
		A1AD3AFD1E81BEFF00A44A02 /* AssignmentCell.swift */ = {isa = PBXFileReference; fileEncoding = 4; lastKnownFileType = sourcecode.swift; path = AssignmentCell.swift; sourceTree = "<group>"; };
		A1B8AE041E7C7DE300228E0B /* DukeSakai.app */ = {isa = PBXFileReference; explicitFileType = wrapper.application; includeInIndex = 0; path = DukeSakai.app; sourceTree = BUILT_PRODUCTS_DIR; };
		A1B8AE071E7C7DE300228E0B /* AppDelegate.swift */ = {isa = PBXFileReference; lastKnownFileType = sourcecode.swift; path = AppDelegate.swift; sourceTree = "<group>"; };
		A1B8AE0C1E7C7DE300228E0B /* Base */ = {isa = PBXFileReference; lastKnownFileType = file.storyboard; name = Base; path = Base.lproj/Main.storyboard; sourceTree = "<group>"; };
		A1B8AE0E1E7C7DE300228E0B /* Assets.xcassets */ = {isa = PBXFileReference; lastKnownFileType = folder.assetcatalog; path = Assets.xcassets; sourceTree = "<group>"; };
		A1B8AE111E7C7DE300228E0B /* Base */ = {isa = PBXFileReference; lastKnownFileType = file.storyboard; name = Base; path = Base.lproj/LaunchScreen.storyboard; sourceTree = "<group>"; };
		A1B8AE131E7C7DE300228E0B /* Info.plist */ = {isa = PBXFileReference; lastKnownFileType = text.plist.xml; path = Info.plist; sourceTree = "<group>"; };
		A1B8AE1A1E7C7EB300228E0B /* AssignmentTableViewController.swift */ = {isa = PBXFileReference; fileEncoding = 4; lastKnownFileType = sourcecode.swift; path = AssignmentTableViewController.swift; sourceTree = "<group>"; };
		A1B8AE1B1E7C7EB300228E0B /* GradeTableViewController.swift */ = {isa = PBXFileReference; fileEncoding = 4; lastKnownFileType = sourcecode.swift; path = GradeTableViewController.swift; sourceTree = "<group>"; };
		A1B8AE1C1E7C7EB300228E0B /* MemberShipTableViewController.swift */ = {isa = PBXFileReference; fileEncoding = 4; lastKnownFileType = sourcecode.swift; path = MemberShipTableViewController.swift; sourceTree = "<group>"; };
		A1B8AE1D1E7C7EB300228E0B /* RecourceTableViewController.swift */ = {isa = PBXFileReference; fileEncoding = 4; lastKnownFileType = sourcecode.swift; path = RecourceTableViewController.swift; sourceTree = "<group>"; };
		A404FB711E882A4000F9A585 /* TabBarViewController.swift */ = {isa = PBXFileReference; fileEncoding = 4; lastKnownFileType = sourcecode.swift; path = TabBarViewController.swift; sourceTree = "<group>"; };
		A404FB781E8C48B700F9A585 /* UrlViewController.swift */ = {isa = PBXFileReference; fileEncoding = 4; lastKnownFileType = sourcecode.swift; path = UrlViewController.swift; sourceTree = "<group>"; };
		A4342F481E91C40300939B9B /* CalendarTool.swift */ = {isa = PBXFileReference; fileEncoding = 4; lastKnownFileType = sourcecode.swift; path = CalendarTool.swift; sourceTree = "<group>"; };
		A4342F491E91C40300939B9B /* CalendarView.swift */ = {isa = PBXFileReference; fileEncoding = 4; lastKnownFileType = sourcecode.swift; path = CalendarView.swift; sourceTree = "<group>"; };
		A4342F4A1E91C40300939B9B /* CalendarViewController.swift */ = {isa = PBXFileReference; fileEncoding = 4; lastKnownFileType = sourcecode.swift; path = CalendarViewController.swift; sourceTree = "<group>"; };
		A4FCBA9D1E942CDF00EA68B1 /* EventDetailViewController.swift */ = {isa = PBXFileReference; fileEncoding = 4; lastKnownFileType = sourcecode.swift; path = EventDetailViewController.swift; sourceTree = "<group>"; };
		E32C527D1E81A6E2007E9356 /* dukeLogo.jpeg */ = {isa = PBXFileReference; lastKnownFileType = image.jpeg; path = dukeLogo.jpeg; sourceTree = "<group>"; };
		E32C52921E81B0B4007E9356 /* Book Stack-30.png */ = {isa = PBXFileReference; lastKnownFileType = image.png; path = "Book Stack-30.png"; sourceTree = "<group>"; };
		E32C52941E81B0B8007E9356 /* Page Overview -30.png */ = {isa = PBXFileReference; lastKnownFileType = image.png; path = "Page Overview -30.png"; sourceTree = "<group>"; };
		E32C52961E81B0BC007E9356 /* Open Folder-30.png */ = {isa = PBXFileReference; lastKnownFileType = image.png; path = "Open Folder-30.png"; sourceTree = "<group>"; };
		E32C52981E81B0C1007E9356 /* Advertising-30.png */ = {isa = PBXFileReference; lastKnownFileType = image.png; path = "Advertising-30.png"; sourceTree = "<group>"; };
		E447C8621E86FE0E00BBB26E /* commonfunctions.swift */ = {isa = PBXFileReference; fileEncoding = 4; lastKnownFileType = sourcecode.swift; path = commonfunctions.swift; sourceTree = "<group>"; };
/* End PBXFileReference section */

/* Begin PBXFrameworksBuildPhase section */
		A1B8AE011E7C7DE300228E0B /* Frameworks */ = {
			isa = PBXFrameworksBuildPhase;
			buildActionMask = 2147483647;
			files = (
			);
			runOnlyForDeploymentPostprocessing = 0;
		};
/* End PBXFrameworksBuildPhase section */

/* Begin PBXGroup section */
		1AE932431FABD56200CA5370 /* NavigationController */ = {
			isa = PBXGroup;
			children = (
				1AE932441FABD62800CA5370 /* HamburgerController.swift */,
				1AE932461FABD7A700CA5370 /* HamMenuController.swift */,
			);
			path = NavigationController;
			sourceTree = "<group>";
		};
		A14A4FDF1E89A5700019C7D0 /* Grade */ = {
			isa = PBXGroup;
			children = (
				A1745DE81E8DD45600502F22 /* GradeDetailViewController.swift */,
				A1AD3AF71E81BECA00A44A02 /* GradeCell.swift */,
				A1B8AE1B1E7C7EB300228E0B /* GradeTableViewController.swift */,
			);
			name = Grade;
			sourceTree = "<group>";
		};
		A14A4FE01E89AF840019C7D0 /* Assignment */ = {
			isa = PBXGroup;
			children = (
				A14A4FE11E89C79F0019C7D0 /* AssDetailViewController.swift */,
				A1B8AE1A1E7C7EB300228E0B /* AssignmentTableViewController.swift */,
				A1AD3AFD1E81BEFF00A44A02 /* AssignmentCell.swift */,
				A14A4FE31E8C54140019C7D0 /* StatusCell.swift */,
			);
			name = Assignment;
			sourceTree = "<group>";
		};
		A1745DEB1E8F367800502F22 /* Announce */ = {
			isa = PBXGroup;
			children = (
				A1745DEC1E8F369B00502F22 /* AnnDetailViewController.swift */,
				A174353A1E95D508002F9F1C /* AnnTableViewController.swift */,
				A1AD3AFB1E81BEEE00A44A02 /* AnnounceCell.swift */,
				A174353C1E95D5F5002F9F1C /* AnnCell.swift */,
			);
			name = Announce;
			sourceTree = "<group>";
		};
		A187694F1E9EF14D00E0E70D /* Segue */ = {
			isa = PBXGroup;
			children = (
				A19B7F981E9530DD00BBFBB4 /* Segue1.swift */,
			);
			name = Segue;
			sourceTree = "<group>";
		};
		A1B8ADFB1E7C7DE300228E0B = {
			isa = PBXGroup;
			children = (
				A1B8AE061E7C7DE300228E0B /* DukeSakai */,
				A1B8AE051E7C7DE300228E0B /* Products */,
			);
			sourceTree = "<group>";
		};
		A1B8AE051E7C7DE300228E0B /* Products */ = {
			isa = PBXGroup;
			children = (
				A1B8AE041E7C7DE300228E0B /* DukeSakai.app */,
			);
			name = Products;
			sourceTree = "<group>";
		};
		A1B8AE061E7C7DE300228E0B /* DukeSakai */ = {
			isa = PBXGroup;
			children = (
				1AE932431FABD56200CA5370 /* NavigationController */,
				A187694F1E9EF14D00E0E70D /* Segue */,
				A4342F4E1E91C40A00939B9B /* Calendar */,
				A1745DEB1E8F367800502F22 /* Announce */,
				A404FB731E8AEC7D00F9A585 /* Resource */,
				A14A4FE01E89AF840019C7D0 /* Assignment */,
				A14A4FDF1E89A5700019C7D0 /* Grade */,
				A404FB701E8829D200F9A585 /* CommonClass&Func */,
				A404FB6F1E8829B900F9A585 /* Membership */,
				A404FB6E1E8829A800F9A585 /* LogIn */,
				A404FB6D1E88293E00F9A585 /* TabBarView */,
				E32C527F1E81A6E8007E9356 /* material */,
				A1B8AE071E7C7DE300228E0B /* AppDelegate.swift */,
				A1B8AE0B1E7C7DE300228E0B /* Main.storyboard */,
				A1B8AE0E1E7C7DE300228E0B /* Assets.xcassets */,
				A1B8AE101E7C7DE300228E0B /* LaunchScreen.storyboard */,
				A1B8AE131E7C7DE300228E0B /* Info.plist */,
			);
			path = DukeSakai;
			sourceTree = "<group>";
		};
		A404FB6D1E88293E00F9A585 /* TabBarView */ = {
			isa = PBXGroup;
			children = (
				A404FB711E882A4000F9A585 /* TabBarViewController.swift */,
			);
			name = TabBarView;
			sourceTree = "<group>";
		};
		A404FB6E1E8829A800F9A585 /* LogIn */ = {
			isa = PBXGroup;
			children = (
				A1AD3AF11E81B9C700A44A02 /* LogInViewController.swift */,
			);
			name = LogIn;
			sourceTree = "<group>";
		};
		A404FB6F1E8829B900F9A585 /* Membership */ = {
			isa = PBXGroup;
			children = (
				A1B8AE1C1E7C7EB300228E0B /* MemberShipTableViewController.swift */,
				A1AD3AF51E81BB7D00A44A02 /* MemberCell.swift */,
				A190D7511E876593008A0D96 /* TermCell.swift */,
			);
			name = Membership;
			sourceTree = "<group>";
		};
		A404FB701E8829D200F9A585 /* CommonClass&Func */ = {
			isa = PBXGroup;
			children = (
				A190D74F1E871640008A0D96 /* commonClass.swift */,
				E447C8621E86FE0E00BBB26E /* commonfunctions.swift */,
			);
			name = "CommonClass&Func";
			sourceTree = "<group>";
		};
		A404FB731E8AEC7D00F9A585 /* Resource */ = {
			isa = PBXGroup;
			children = (
				A1B8AE1D1E7C7EB300228E0B /* RecourceTableViewController.swift */,
				A404FB781E8C48B700F9A585 /* UrlViewController.swift */,
				A1AD3AF91E81BED700A44A02 /* ResourceCell.swift */,
			);
			name = Resource;
			sourceTree = "<group>";
		};
		A4342F4E1E91C40A00939B9B /* Calendar */ = {
			isa = PBXGroup;
			children = (
				A4FCBA9D1E942CDF00EA68B1 /* EventDetailViewController.swift */,
				A4342F481E91C40300939B9B /* CalendarTool.swift */,
				A4342F491E91C40300939B9B /* CalendarView.swift */,
				A4342F4A1E91C40300939B9B /* CalendarViewController.swift */,
			);
			name = Calendar;
			sourceTree = "<group>";
		};
		E32C527F1E81A6E8007E9356 /* material */ = {
			isa = PBXGroup;
			children = (
				A17435361E95CF4F002F9F1C /* Back Filled-20.png */,
				A17435381E95D0CE002F9F1C /* Today-20.png */,
				E32C52981E81B0C1007E9356 /* Advertising-30.png */,
				E32C52961E81B0BC007E9356 /* Open Folder-30.png */,
				E32C52921E81B0B4007E9356 /* Book Stack-30.png */,
				E32C52941E81B0B8007E9356 /* Page Overview -30.png */,
				E32C527D1E81A6E2007E9356 /* dukeLogo.jpeg */,
				A174353E1E95DDAE002F9F1C /* Today-30.png */,
			);
			name = material;
			sourceTree = "<group>";
		};
/* End PBXGroup section */

/* Begin PBXNativeTarget section */
		A1B8AE031E7C7DE300228E0B /* DukeSakai */ = {
			isa = PBXNativeTarget;
			buildConfigurationList = A1B8AE161E7C7DE300228E0B /* Build configuration list for PBXNativeTarget "DukeSakai" */;
			buildPhases = (
				A1B8AE001E7C7DE300228E0B /* Sources */,
				A1B8AE011E7C7DE300228E0B /* Frameworks */,
				A1B8AE021E7C7DE300228E0B /* Resources */,
			);
			buildRules = (
			);
			dependencies = (
			);
			name = DukeSakai;
			productName = DukeSakai;
			productReference = A1B8AE041E7C7DE300228E0B /* DukeSakai.app */;
			productType = "com.apple.product-type.application";
		};
/* End PBXNativeTarget section */

/* Begin PBXProject section */
		A1B8ADFC1E7C7DE300228E0B /* Project object */ = {
			isa = PBXProject;
			attributes = {
				LastSwiftUpdateCheck = 0820;
				LastUpgradeCheck = 0820;
				ORGANIZATIONNAME = "Zhe Mao";
				TargetAttributes = {
					A1B8AE031E7C7DE300228E0B = {
						CreatedOnToolsVersion = 8.2.1;
						DevelopmentTeam = U6J58C8CJT;
						LastSwiftMigration = 0820;
						ProvisioningStyle = Automatic;
					};
				};
			};
			buildConfigurationList = A1B8ADFF1E7C7DE300228E0B /* Build configuration list for PBXProject "DukeSakai" */;
			compatibilityVersion = "Xcode 3.2";
			developmentRegion = English;
			hasScannedForEncodings = 0;
			knownRegions = (
				en,
				Base,
			);
			mainGroup = A1B8ADFB1E7C7DE300228E0B;
			productRefGroup = A1B8AE051E7C7DE300228E0B /* Products */;
			projectDirPath = "";
			projectRoot = "";
			targets = (
				A1B8AE031E7C7DE300228E0B /* DukeSakai */,
			);
		};
/* End PBXProject section */

/* Begin PBXResourcesBuildPhase section */
		A1B8AE021E7C7DE300228E0B /* Resources */ = {
			isa = PBXResourcesBuildPhase;
			buildActionMask = 2147483647;
			files = (
				A1B8AE121E7C7DE300228E0B /* LaunchScreen.storyboard in Resources */,
				E32C52931E81B0B4007E9356 /* Book Stack-30.png in Resources */,
				E32C52951E81B0B8007E9356 /* Page Overview -30.png in Resources */,
				E32C52971E81B0BC007E9356 /* Open Folder-30.png in Resources */,
				E32C527E1E81A6E2007E9356 /* dukeLogo.jpeg in Resources */,
				E32C52991E81B0C1007E9356 /* Advertising-30.png in Resources */,
				A1B8AE0F1E7C7DE300228E0B /* Assets.xcassets in Resources */,
				A17435371E95CF4F002F9F1C /* Back Filled-20.png in Resources */,
				A1B8AE0D1E7C7DE300228E0B /* Main.storyboard in Resources */,
				A17435391E95D0CE002F9F1C /* Today-20.png in Resources */,
				A174353F1E95DDAE002F9F1C /* Today-30.png in Resources */,
			);
			runOnlyForDeploymentPostprocessing = 0;
		};
/* End PBXResourcesBuildPhase section */

/* Begin PBXSourcesBuildPhase section */
		A1B8AE001E7C7DE300228E0B /* Sources */ = {
			isa = PBXSourcesBuildPhase;
			buildActionMask = 2147483647;
			files = (
				A4342F4D1E91C40300939B9B /* CalendarViewController.swift in Sources */,
				A4FCBA9E1E942CDF00EA68B1 /* EventDetailViewController.swift in Sources */,
				A404FB721E882A4000F9A585 /* TabBarViewController.swift in Sources */,
				A1AD3AFC1E81BEEE00A44A02 /* AnnounceCell.swift in Sources */,
				A4342F4C1E91C40300939B9B /* CalendarView.swift in Sources */,
				A174353D1E95D5F5002F9F1C /* AnnCell.swift in Sources */,
				A190D7521E876593008A0D96 /* TermCell.swift in Sources */,
				A4342F4B1E91C40300939B9B /* CalendarTool.swift in Sources */,
				A19B7F991E9530DD00BBFBB4 /* Segue1.swift in Sources */,
				E447C8631E86FE0E00BBB26E /* commonfunctions.swift in Sources */,
				A1AD3AF61E81BB7D00A44A02 /* MemberCell.swift in Sources */,
				A1B8AE201E7C7EB300228E0B /* GradeTableViewController.swift in Sources */,
				A14A4FE21E89C79F0019C7D0 /* AssDetailViewController.swift in Sources */,
				1AE932451FABD62800CA5370 /* HamburgerController.swift in Sources */,
				A1B8AE081E7C7DE300228E0B /* AppDelegate.swift in Sources */,
				A1B8AE1F1E7C7EB300228E0B /* AssignmentTableViewController.swift in Sources */,
				A174353B1E95D508002F9F1C /* AnnTableViewController.swift in Sources */,
				A1AD3AF81E81BECA00A44A02 /* GradeCell.swift in Sources */,
				A1AD3AF21E81B9C700A44A02 /* LogInViewController.swift in Sources */,
				A1AD3AFA1E81BED700A44A02 /* ResourceCell.swift in Sources */,
				1AE932471FABD7A700CA5370 /* HamMenuController.swift in Sources */,
				A404FB791E8C48B700F9A585 /* UrlViewController.swift in Sources */,
				A14A4FE41E8C54140019C7D0 /* StatusCell.swift in Sources */,
				A1B8AE221E7C7EB300228E0B /* RecourceTableViewController.swift in Sources */,
				A1AD3AFE1E81BEFF00A44A02 /* AssignmentCell.swift in Sources */,
				A1B8AE211E7C7EB300228E0B /* MemberShipTableViewController.swift in Sources */,
				A1745DED1E8F369B00502F22 /* AnnDetailViewController.swift in Sources */,
				A190D7501E871640008A0D96 /* commonClass.swift in Sources */,
				A1745DE91E8DD45600502F22 /* GradeDetailViewController.swift in Sources */,
			);
			runOnlyForDeploymentPostprocessing = 0;
		};
/* End PBXSourcesBuildPhase section */

/* Begin PBXVariantGroup section */
		A1B8AE0B1E7C7DE300228E0B /* Main.storyboard */ = {
			isa = PBXVariantGroup;
			children = (
				A1B8AE0C1E7C7DE300228E0B /* Base */,
			);
			name = Main.storyboard;
			sourceTree = "<group>";
		};
		A1B8AE101E7C7DE300228E0B /* LaunchScreen.storyboard */ = {
			isa = PBXVariantGroup;
			children = (
				A1B8AE111E7C7DE300228E0B /* Base */,
			);
			name = LaunchScreen.storyboard;
			sourceTree = "<group>";
		};
/* End PBXVariantGroup section */

/* Begin XCBuildConfiguration section */
		A1B8AE141E7C7DE300228E0B /* Debug */ = {
			isa = XCBuildConfiguration;
			buildSettings = {
				ALWAYS_SEARCH_USER_PATHS = NO;
				CLANG_ANALYZER_NONNULL = YES;
				CLANG_CXX_LANGUAGE_STANDARD = "gnu++0x";
				CLANG_CXX_LIBRARY = "libc++";
				CLANG_ENABLE_MODULES = YES;
				CLANG_ENABLE_OBJC_ARC = YES;
				CLANG_WARN_BOOL_CONVERSION = YES;
				CLANG_WARN_CONSTANT_CONVERSION = YES;
				CLANG_WARN_DIRECT_OBJC_ISA_USAGE = YES_ERROR;
				CLANG_WARN_DOCUMENTATION_COMMENTS = YES;
				CLANG_WARN_EMPTY_BODY = YES;
				CLANG_WARN_ENUM_CONVERSION = YES;
				CLANG_WARN_INFINITE_RECURSION = YES;
				CLANG_WARN_INT_CONVERSION = YES;
				CLANG_WARN_OBJC_ROOT_CLASS = YES_ERROR;
				CLANG_WARN_SUSPICIOUS_MOVE = YES;
				CLANG_WARN_UNREACHABLE_CODE = YES;
				CLANG_WARN__DUPLICATE_METHOD_MATCH = YES;
				"CODE_SIGN_IDENTITY[sdk=iphoneos*]" = "iPhone Developer";
				COPY_PHASE_STRIP = NO;
				DEBUG_INFORMATION_FORMAT = dwarf;
				ENABLE_STRICT_OBJC_MSGSEND = YES;
				ENABLE_TESTABILITY = YES;
				GCC_C_LANGUAGE_STANDARD = gnu99;
				GCC_DYNAMIC_NO_PIC = NO;
				GCC_NO_COMMON_BLOCKS = YES;
				GCC_OPTIMIZATION_LEVEL = 0;
				GCC_PREPROCESSOR_DEFINITIONS = (
					"DEBUG=1",
					"$(inherited)",
				);
				GCC_WARN_64_TO_32_BIT_CONVERSION = YES;
				GCC_WARN_ABOUT_RETURN_TYPE = YES_ERROR;
				GCC_WARN_UNDECLARED_SELECTOR = YES;
				GCC_WARN_UNINITIALIZED_AUTOS = YES_AGGRESSIVE;
				GCC_WARN_UNUSED_FUNCTION = YES;
				GCC_WARN_UNUSED_VARIABLE = YES;
				IPHONEOS_DEPLOYMENT_TARGET = 10.2;
				MTL_ENABLE_DEBUG_INFO = YES;
				ONLY_ACTIVE_ARCH = YES;
				SDKROOT = iphoneos;
				SWIFT_ACTIVE_COMPILATION_CONDITIONS = DEBUG;
				SWIFT_OPTIMIZATION_LEVEL = "-Onone";
			};
			name = Debug;
		};
		A1B8AE151E7C7DE300228E0B /* Release */ = {
			isa = XCBuildConfiguration;
			buildSettings = {
				ALWAYS_SEARCH_USER_PATHS = NO;
				CLANG_ANALYZER_NONNULL = YES;
				CLANG_CXX_LANGUAGE_STANDARD = "gnu++0x";
				CLANG_CXX_LIBRARY = "libc++";
				CLANG_ENABLE_MODULES = YES;
				CLANG_ENABLE_OBJC_ARC = YES;
				CLANG_WARN_BOOL_CONVERSION = YES;
				CLANG_WARN_CONSTANT_CONVERSION = YES;
				CLANG_WARN_DIRECT_OBJC_ISA_USAGE = YES_ERROR;
				CLANG_WARN_DOCUMENTATION_COMMENTS = YES;
				CLANG_WARN_EMPTY_BODY = YES;
				CLANG_WARN_ENUM_CONVERSION = YES;
				CLANG_WARN_INFINITE_RECURSION = YES;
				CLANG_WARN_INT_CONVERSION = YES;
				CLANG_WARN_OBJC_ROOT_CLASS = YES_ERROR;
				CLANG_WARN_SUSPICIOUS_MOVE = YES;
				CLANG_WARN_UNREACHABLE_CODE = YES;
				CLANG_WARN__DUPLICATE_METHOD_MATCH = YES;
				"CODE_SIGN_IDENTITY[sdk=iphoneos*]" = "iPhone Developer";
				COPY_PHASE_STRIP = NO;
				DEBUG_INFORMATION_FORMAT = "dwarf-with-dsym";
				ENABLE_NS_ASSERTIONS = NO;
				ENABLE_STRICT_OBJC_MSGSEND = YES;
				GCC_C_LANGUAGE_STANDARD = gnu99;
				GCC_NO_COMMON_BLOCKS = YES;
				GCC_WARN_64_TO_32_BIT_CONVERSION = YES;
				GCC_WARN_ABOUT_RETURN_TYPE = YES_ERROR;
				GCC_WARN_UNDECLARED_SELECTOR = YES;
				GCC_WARN_UNINITIALIZED_AUTOS = YES_AGGRESSIVE;
				GCC_WARN_UNUSED_FUNCTION = YES;
				GCC_WARN_UNUSED_VARIABLE = YES;
				IPHONEOS_DEPLOYMENT_TARGET = 10.2;
				MTL_ENABLE_DEBUG_INFO = NO;
				SDKROOT = iphoneos;
				SWIFT_OPTIMIZATION_LEVEL = "-Owholemodule";
				VALIDATE_PRODUCT = YES;
			};
			name = Release;
		};
		A1B8AE171E7C7DE300228E0B /* Debug */ = {
			isa = XCBuildConfiguration;
			buildSettings = {
				ASSETCATALOG_COMPILER_APPICON_NAME = AppIcon;
				CLANG_ENABLE_MODULES = YES;
				DEVELOPMENT_TEAM = U6J58C8CJT;
				INFOPLIST_FILE = DukeSakai/Info.plist;
				LD_RUNPATH_SEARCH_PATHS = "$(inherited) @executable_path/Frameworks";
				PRODUCT_BUNDLE_IDENTIFIER = edu.duke.zhemao.DukeSakai;
				PRODUCT_NAME = "$(TARGET_NAME)";
				SWIFT_OPTIMIZATION_LEVEL = "-Onone";
				SWIFT_VERSION = 3.0;
			};
			name = Debug;
		};
		A1B8AE181E7C7DE300228E0B /* Release */ = {
			isa = XCBuildConfiguration;
			buildSettings = {
				ASSETCATALOG_COMPILER_APPICON_NAME = AppIcon;
				CLANG_ENABLE_MODULES = YES;
				DEVELOPMENT_TEAM = U6J58C8CJT;
				INFOPLIST_FILE = DukeSakai/Info.plist;
				LD_RUNPATH_SEARCH_PATHS = "$(inherited) @executable_path/Frameworks";
				PRODUCT_BUNDLE_IDENTIFIER = edu.duke.zhemao.DukeSakai;
				PRODUCT_NAME = "$(TARGET_NAME)";
				SWIFT_VERSION = 3.0;
			};
			name = Release;
		};
/* End XCBuildConfiguration section */

/* Begin XCConfigurationList section */
		A1B8ADFF1E7C7DE300228E0B /* Build configuration list for PBXProject "DukeSakai" */ = {
			isa = XCConfigurationList;
			buildConfigurations = (
				A1B8AE141E7C7DE300228E0B /* Debug */,
				A1B8AE151E7C7DE300228E0B /* Release */,
			);
			defaultConfigurationIsVisible = 0;
			defaultConfigurationName = Release;
		};
		A1B8AE161E7C7DE300228E0B /* Build configuration list for PBXNativeTarget "DukeSakai" */ = {
			isa = XCConfigurationList;
			buildConfigurations = (
				A1B8AE171E7C7DE300228E0B /* Debug */,
				A1B8AE181E7C7DE300228E0B /* Release */,
			);
			defaultConfigurationIsVisible = 0;
			defaultConfigurationName = Release;
		};
/* End XCConfigurationList section */
	};
	rootObject = A1B8ADFC1E7C7DE300228E0B /* Project object */;
}
